// !$*UTF8*$!
{
	archiveVersion = 1;
	classes = {
	};
	objectVersion = 46;
	objects = {

/* Begin PBXBuildFile section */
		01F621AE84CB0DD552E35B4A /* Pods_Drums808.framework in Frameworks */ = {isa = PBXBuildFile; fileRef = 1B2F9CEB13F1F3F94CA50F71 /* Pods_Drums808.framework */; };
		7CC98A9B1EE8C134003163EA /* AppDelegate.swift in Sources */ = {isa = PBXBuildFile; fileRef = 7CC98A9A1EE8C134003163EA /* AppDelegate.swift */; };
		7CC98A9D1EE8C134003163EA /* ViewController.swift in Sources */ = {isa = PBXBuildFile; fileRef = 7CC98A9C1EE8C134003163EA /* ViewController.swift */; };
		7CC98AA01EE8C134003163EA /* Main.storyboard in Resources */ = {isa = PBXBuildFile; fileRef = 7CC98A9E1EE8C134003163EA /* Main.storyboard */; };
		7CC98AA21EE8C134003163EA /* Assets.xcassets in Resources */ = {isa = PBXBuildFile; fileRef = 7CC98AA11EE8C134003163EA /* Assets.xcassets */; };
		7CC98AA51EE8C134003163EA /* LaunchScreen.storyboard in Resources */ = {isa = PBXBuildFile; fileRef = 7CC98AA31EE8C134003163EA /* LaunchScreen.storyboard */; };
		7CC98AC11EE8C32A003163EA /* samplerEngine.swift in Sources */ = {isa = PBXBuildFile; fileRef = 7CC98AC01EE8C32A003163EA /* samplerEngine.swift */; };
		7CC98ACC1EE8C4F2003163EA /* bd7575.wav in Resources */ = {isa = PBXBuildFile; fileRef = 7CC98AC31EE8C4F2003163EA /* bd7575.wav */; };
		7CC98ACD1EE8C4F2003163EA /* ch.wav in Resources */ = {isa = PBXBuildFile; fileRef = 7CC98AC41EE8C4F2003163EA /* ch.wav */; };
		7CC98ACE1EE8C4F2003163EA /* cp.wav in Resources */ = {isa = PBXBuildFile; fileRef = 7CC98AC51EE8C4F2003163EA /* cp.wav */; };
		7CC98ACF1EE8C4F2003163EA /* ht75.wav in Resources */ = {isa = PBXBuildFile; fileRef = 7CC98AC61EE8C4F2003163EA /* ht75.wav */; };
		7CC98AD01EE8C4F2003163EA /* lt75.wav in Resources */ = {isa = PBXBuildFile; fileRef = 7CC98AC71EE8C4F2003163EA /* lt75.wav */; };
		7CC98AD11EE8C4F2003163EA /* mt75.wav in Resources */ = {isa = PBXBuildFile; fileRef = 7CC98AC81EE8C4F2003163EA /* mt75.wav */; };
		7CC98AD21EE8C4F2003163EA /* oh75.wav in Resources */ = {isa = PBXBuildFile; fileRef = 7CC98AC91EE8C4F2003163EA /* oh75.wav */; };
		7CC98AD31EE8C4F2003163EA /* rs.wav in Resources */ = {isa = PBXBuildFile; fileRef = 7CC98ACA1EE8C4F2003163EA /* rs.wav */; };
		7CC98AD41EE8C4F2003163EA /* sd7575.wav in Resources */ = {isa = PBXBuildFile; fileRef = 7CC98ACB1EE8C4F2003163EA /* sd7575.wav */; };
/* End PBXBuildFile section */

/* Begin PBXCopyFilesBuildPhase section */
		7CC98AE21EE8CA4E003163EA /* Embed Frameworks */ = {
			isa = PBXCopyFilesBuildPhase;
			buildActionMask = 2147483647;
			dstPath = "";
			dstSubfolderSpec = 10;
			files = (
			);
			name = "Embed Frameworks";
			runOnlyForDeploymentPostprocessing = 0;
		};
/* End PBXCopyFilesBuildPhase section */

/* Begin PBXFileReference section */
		1B2F9CEB13F1F3F94CA50F71 /* Pods_Drums808.framework */ = {isa = PBXFileReference; explicitFileType = wrapper.framework; includeInIndex = 0; path = Pods_Drums808.framework; sourceTree = BUILT_PRODUCTS_DIR; };
		4D920F9D198B6C36FF271B79 /* Pods-Drums808.release.xcconfig */ = {isa = PBXFileReference; includeInIndex = 1; lastKnownFileType = text.xcconfig; name = "Pods-Drums808.release.xcconfig"; path = "Target Support Files/Pods-Drums808/Pods-Drums808.release.xcconfig"; sourceTree = "<group>"; };
		7A53F721A2FB8D2A0EBCDC31 /* Pods-Drums808.debug.xcconfig */ = {isa = PBXFileReference; includeInIndex = 1; lastKnownFileType = text.xcconfig; name = "Pods-Drums808.debug.xcconfig"; path = "Target Support Files/Pods-Drums808/Pods-Drums808.debug.xcconfig"; sourceTree = "<group>"; };
		7CC98A971EE8C134003163EA /* Drums808.app */ = {isa = PBXFileReference; explicitFileType = wrapper.application; includeInIndex = 0; path = Drums808.app; sourceTree = BUILT_PRODUCTS_DIR; };
		7CC98A9A1EE8C134003163EA /* AppDelegate.swift */ = {isa = PBXFileReference; lastKnownFileType = sourcecode.swift; path = AppDelegate.swift; sourceTree = "<group>"; };
		7CC98A9C1EE8C134003163EA /* ViewController.swift */ = {isa = PBXFileReference; lastKnownFileType = sourcecode.swift; path = ViewController.swift; sourceTree = "<group>"; };
		7CC98A9F1EE8C134003163EA /* Base */ = {isa = PBXFileReference; lastKnownFileType = file.storyboard; name = Base; path = Base.lproj/Main.storyboard; sourceTree = "<group>"; };
		7CC98AA11EE8C134003163EA /* Assets.xcassets */ = {isa = PBXFileReference; lastKnownFileType = folder.assetcatalog; path = Assets.xcassets; sourceTree = "<group>"; };
		7CC98AA41EE8C134003163EA /* Base */ = {isa = PBXFileReference; lastKnownFileType = file.storyboard; name = Base; path = Base.lproj/LaunchScreen.storyboard; sourceTree = "<group>"; };
		7CC98AA61EE8C134003163EA /* Info.plist */ = {isa = PBXFileReference; lastKnownFileType = text.plist.xml; path = Info.plist; sourceTree = "<group>"; };
		7CC98AC01EE8C32A003163EA /* samplerEngine.swift */ = {isa = PBXFileReference; fileEncoding = 4; lastKnownFileType = sourcecode.swift; path = samplerEngine.swift; sourceTree = "<group>"; };
		7CC98AC31EE8C4F2003163EA /* bd7575.wav */ = {isa = PBXFileReference; lastKnownFileType = audio.wav; path = bd7575.wav; sourceTree = "<group>"; };
		7CC98AC41EE8C4F2003163EA /* ch.wav */ = {isa = PBXFileReference; lastKnownFileType = audio.wav; path = ch.wav; sourceTree = "<group>"; };
		7CC98AC51EE8C4F2003163EA /* cp.wav */ = {isa = PBXFileReference; lastKnownFileType = audio.wav; path = cp.wav; sourceTree = "<group>"; };
		7CC98AC61EE8C4F2003163EA /* ht75.wav */ = {isa = PBXFileReference; lastKnownFileType = audio.wav; path = ht75.wav; sourceTree = "<group>"; };
		7CC98AC71EE8C4F2003163EA /* lt75.wav */ = {isa = PBXFileReference; lastKnownFileType = audio.wav; path = lt75.wav; sourceTree = "<group>"; };
		7CC98AC81EE8C4F2003163EA /* mt75.wav */ = {isa = PBXFileReference; lastKnownFileType = audio.wav; path = mt75.wav; sourceTree = "<group>"; };
		7CC98AC91EE8C4F2003163EA /* oh75.wav */ = {isa = PBXFileReference; lastKnownFileType = audio.wav; path = oh75.wav; sourceTree = "<group>"; };
		7CC98ACA1EE8C4F2003163EA /* rs.wav */ = {isa = PBXFileReference; lastKnownFileType = audio.wav; path = rs.wav; sourceTree = "<group>"; };
		7CC98ACB1EE8C4F2003163EA /* sd7575.wav */ = {isa = PBXFileReference; lastKnownFileType = audio.wav; path = sd7575.wav; sourceTree = "<group>"; };
/* End PBXFileReference section */

/* Begin PBXFrameworksBuildPhase section */
		7CC98A941EE8C134003163EA /* Frameworks */ = {
			isa = PBXFrameworksBuildPhase;
			buildActionMask = 2147483647;
			files = (
				01F621AE84CB0DD552E35B4A /* Pods_Drums808.framework in Frameworks */,
			);
			runOnlyForDeploymentPostprocessing = 0;
		};
/* End PBXFrameworksBuildPhase section */

/* Begin PBXGroup section */
		7437ACBC0DC1E24BE82C8FC8 /* Pods */ = {
			isa = PBXGroup;
			children = (
				7A53F721A2FB8D2A0EBCDC31 /* Pods-Drums808.debug.xcconfig */,
				4D920F9D198B6C36FF271B79 /* Pods-Drums808.release.xcconfig */,
			);
			path = Pods;
			sourceTree = "<group>";
		};
		7CC98A8E1EE8C134003163EA = {
			isa = PBXGroup;
			children = (
				7CC98A991EE8C134003163EA /* Drums808 */,
				7CC98A981EE8C134003163EA /* Products */,
				7437ACBC0DC1E24BE82C8FC8 /* Pods */,
				B7E8ACB5A8622CD09FE778DD /* Frameworks */,
			);
			sourceTree = "<group>";
		};
		7CC98A981EE8C134003163EA /* Products */ = {
			isa = PBXGroup;
			children = (
				7CC98A971EE8C134003163EA /* Drums808.app */,
			);
			name = Products;
			sourceTree = "<group>";
		};
		7CC98A991EE8C134003163EA /* Drums808 */ = {
			isa = PBXGroup;
			children = (
				7CC98AC21EE8C4F2003163EA /* Drum Samples */,
				7CC98A9A1EE8C134003163EA /* AppDelegate.swift */,
				7CC98A9C1EE8C134003163EA /* ViewController.swift */,
				7CC98AC01EE8C32A003163EA /* samplerEngine.swift */,
				7CC98A9E1EE8C134003163EA /* Main.storyboard */,
				7CC98AA11EE8C134003163EA /* Assets.xcassets */,
				7CC98AA31EE8C134003163EA /* LaunchScreen.storyboard */,
				7CC98AA61EE8C134003163EA /* Info.plist */,
			);
			path = Drums808;
			sourceTree = "<group>";
		};
		7CC98AC21EE8C4F2003163EA /* Drum Samples */ = {
			isa = PBXGroup;
			children = (
				7CC98AC31EE8C4F2003163EA /* bd7575.wav */,
				7CC98AC41EE8C4F2003163EA /* ch.wav */,
				7CC98AC51EE8C4F2003163EA /* cp.wav */,
				7CC98AC61EE8C4F2003163EA /* ht75.wav */,
				7CC98AC71EE8C4F2003163EA /* lt75.wav */,
				7CC98AC81EE8C4F2003163EA /* mt75.wav */,
				7CC98AC91EE8C4F2003163EA /* oh75.wav */,
				7CC98ACA1EE8C4F2003163EA /* rs.wav */,
				7CC98ACB1EE8C4F2003163EA /* sd7575.wav */,
			);
			path = "Drum Samples";
			sourceTree = "<group>";
		};
		B7E8ACB5A8622CD09FE778DD /* Frameworks */ = {
			isa = PBXGroup;
			children = (
				1B2F9CEB13F1F3F94CA50F71 /* Pods_Drums808.framework */,
			);
			name = Frameworks;
			sourceTree = "<group>";
		};
/* End PBXGroup section */

/* Begin PBXNativeTarget section */
		7CC98A961EE8C134003163EA /* Drums808 */ = {
			isa = PBXNativeTarget;
			buildConfigurationList = 7CC98AA91EE8C134003163EA /* Build configuration list for PBXNativeTarget "Drums808" */;
			buildPhases = (
				44D283A6E163E1A4C2D50678 /* [CP] Check Pods Manifest.lock */,
				7CC98A931EE8C134003163EA /* Sources */,
				7CC98A941EE8C134003163EA /* Frameworks */,
				7CC98A951EE8C134003163EA /* Resources */,
				7CC98AE21EE8CA4E003163EA /* Embed Frameworks */,
			);
			buildRules = (
			);
			dependencies = (
			);
			name = Drums808;
			productName = Drums808;
			productReference = 7CC98A971EE8C134003163EA /* Drums808.app */;
			productType = "com.apple.product-type.application";
		};
/* End PBXNativeTarget section */

/* Begin PBXProject section */
		7CC98A8F1EE8C134003163EA /* Project object */ = {
			isa = PBXProject;
			attributes = {
				LastSwiftUpdateCheck = 0830;
				LastUpgradeCheck = 0830;
				ORGANIZATIONNAME = "Jonathan Bones";
				TargetAttributes = {
					7CC98A961EE8C134003163EA = {
						CreatedOnToolsVersion = 8.3.2;
						LastSwiftMigration = 1160;
						ProvisioningStyle = Automatic;
					};
				};
			};
			buildConfigurationList = 7CC98A921EE8C134003163EA /* Build configuration list for PBXProject "Drums808" */;
			compatibilityVersion = "Xcode 3.2";
			developmentRegion = English;
			hasScannedForEncodings = 0;
			knownRegions = (
				English,
				en,
				Base,
			);
			mainGroup = 7CC98A8E1EE8C134003163EA;
			productRefGroup = 7CC98A981EE8C134003163EA /* Products */;
			projectDirPath = "";
			projectRoot = "";
			targets = (
				7CC98A961EE8C134003163EA /* Drums808 */,
			);
		};
/* End PBXProject section */

/* Begin PBXResourcesBuildPhase section */
		7CC98A951EE8C134003163EA /* Resources */ = {
			isa = PBXResourcesBuildPhase;
			buildActionMask = 2147483647;
			files = (
				7CC98AD01EE8C4F2003163EA /* lt75.wav in Resources */,
				7CC98AD41EE8C4F2003163EA /* sd7575.wav in Resources */,
				7CC98ACD1EE8C4F2003163EA /* ch.wav in Resources */,
				7CC98ACE1EE8C4F2003163EA /* cp.wav in Resources */,
				7CC98AD31EE8C4F2003163EA /* rs.wav in Resources */,
				7CC98ACF1EE8C4F2003163EA /* ht75.wav in Resources */,
				7CC98ACC1EE8C4F2003163EA /* bd7575.wav in Resources */,
				7CC98AD21EE8C4F2003163EA /* oh75.wav in Resources */,
				7CC98AA51EE8C134003163EA /* LaunchScreen.storyboard in Resources */,
				7CC98AD11EE8C4F2003163EA /* mt75.wav in Resources */,
				7CC98AA21EE8C134003163EA /* Assets.xcassets in Resources */,
				7CC98AA01EE8C134003163EA /* Main.storyboard in Resources */,
			);
			runOnlyForDeploymentPostprocessing = 0;
		};
/* End PBXResourcesBuildPhase section */

/* Begin PBXShellScriptBuildPhase section */
		44D283A6E163E1A4C2D50678 /* [CP] Check Pods Manifest.lock */ = {
			isa = PBXShellScriptBuildPhase;
			buildActionMask = 2147483647;
			files = (
			);
			inputFileListPaths = (
			);
			inputPaths = (
				"${PODS_PODFILE_DIR_PATH}/Podfile.lock",
				"${PODS_ROOT}/Manifest.lock",
			);
			name = "[CP] Check Pods Manifest.lock";
			outputFileListPaths = (
			);
			outputPaths = (
				"$(DERIVED_FILE_DIR)/Pods-Drums808-checkManifestLockResult.txt",
			);
			runOnlyForDeploymentPostprocessing = 0;
			shellPath = /bin/sh;
			shellScript = "diff \"${PODS_PODFILE_DIR_PATH}/Podfile.lock\" \"${PODS_ROOT}/Manifest.lock\" > /dev/null\nif [ $? != 0 ] ; then\n    # print error to STDERR\n    echo \"error: The sandbox is not in sync with the Podfile.lock. Run 'pod install' or update your CocoaPods installation.\" >&2\n    exit 1\nfi\n# This output is used by Xcode 'outputs' to avoid re-running this script phase.\necho \"SUCCESS\" > \"${SCRIPT_OUTPUT_FILE_0}\"\n";
			showEnvVarsInLog = 0;
		};
/* End PBXShellScriptBuildPhase section */

/* Begin PBXSourcesBuildPhase section */
		7CC98A931EE8C134003163EA /* Sources */ = {
			isa = PBXSourcesBuildPhase;
			buildActionMask = 2147483647;
			files = (
				7CC98AC11EE8C32A003163EA /* samplerEngine.swift in Sources */,
				7CC98A9D1EE8C134003163EA /* ViewController.swift in Sources */,
				7CC98A9B1EE8C134003163EA /* AppDelegate.swift in Sources */,
			);
			runOnlyForDeploymentPostprocessing = 0;
		};
/* End PBXSourcesBuildPhase section */

/* Begin PBXVariantGroup section */
		7CC98A9E1EE8C134003163EA /* Main.storyboard */ = {
			isa = PBXVariantGroup;
			children = (
				7CC98A9F1EE8C134003163EA /* Base */,
			);
			name = Main.storyboard;
			sourceTree = "<group>";
		};
		7CC98AA31EE8C134003163EA /* LaunchScreen.storyboard */ = {
			isa = PBXVariantGroup;
			children = (
				7CC98AA41EE8C134003163EA /* Base */,
			);
			name = LaunchScreen.storyboard;
			sourceTree = "<group>";
		};
/* End PBXVariantGroup section */

/* Begin XCBuildConfiguration section */
		7CC98AA71EE8C134003163EA /* Debug */ = {
			isa = XCBuildConfiguration;
			buildSettings = {
				ALWAYS_SEARCH_USER_PATHS = NO;
				CLANG_ANALYZER_NONNULL = YES;
				CLANG_ANALYZER_NUMBER_OBJECT_CONVERSION = YES_AGGRESSIVE;
				CLANG_CXX_LANGUAGE_STANDARD = "gnu++0x";
				CLANG_CXX_LIBRARY = "libc++";
				CLANG_ENABLE_MODULES = YES;
				CLANG_ENABLE_OBJC_ARC = YES;
				CLANG_WARN_BOOL_CONVERSION = YES;
				CLANG_WARN_CONSTANT_CONVERSION = YES;
				CLANG_WARN_DIRECT_OBJC_ISA_USAGE = YES_ERROR;
				CLANG_WARN_DOCUMENTATION_COMMENTS = YES;
				CLANG_WARN_EMPTY_BODY = YES;
				CLANG_WARN_ENUM_CONVERSION = YES;
				CLANG_WARN_INFINITE_RECURSION = YES;
				CLANG_WARN_INT_CONVERSION = YES;
				CLANG_WARN_OBJC_ROOT_CLASS = YES_ERROR;
				CLANG_WARN_SUSPICIOUS_MOVE = YES;
				CLANG_WARN_UNREACHABLE_CODE = YES;
				CLANG_WARN__DUPLICATE_METHOD_MATCH = YES;
				"CODE_SIGN_IDENTITY[sdk=iphoneos*]" = "iPhone Developer";
				COPY_PHASE_STRIP = NO;
				DEBUG_INFORMATION_FORMAT = dwarf;
				ENABLE_STRICT_OBJC_MSGSEND = YES;
				ENABLE_TESTABILITY = YES;
				GCC_C_LANGUAGE_STANDARD = gnu99;
				GCC_DYNAMIC_NO_PIC = NO;
				GCC_NO_COMMON_BLOCKS = YES;
				GCC_OPTIMIZATION_LEVEL = 0;
				GCC_PREPROCESSOR_DEFINITIONS = (
					"DEBUG=1",
					"$(inherited)",
				);
				GCC_WARN_64_TO_32_BIT_CONVERSION = YES;
				GCC_WARN_ABOUT_RETURN_TYPE = YES_ERROR;
				GCC_WARN_UNDECLARED_SELECTOR = YES;
				GCC_WARN_UNINITIALIZED_AUTOS = YES_AGGRESSIVE;
				GCC_WARN_UNUSED_FUNCTION = YES;
				GCC_WARN_UNUSED_VARIABLE = YES;
				IPHONEOS_DEPLOYMENT_TARGET = 10.3;
				MTL_ENABLE_DEBUG_INFO = YES;
				ONLY_ACTIVE_ARCH = YES;
				SDKROOT = iphoneos;
				SWIFT_ACTIVE_COMPILATION_CONDITIONS = DEBUG;
				SWIFT_OPTIMIZATION_LEVEL = "-Onone";
			};
			name = Debug;
		};
		7CC98AA81EE8C134003163EA /* Release */ = {
			isa = XCBuildConfiguration;
			buildSettings = {
				ALWAYS_SEARCH_USER_PATHS = NO;
				CLANG_ANALYZER_NONNULL = YES;
				CLANG_ANALYZER_NUMBER_OBJECT_CONVERSION = YES_AGGRESSIVE;
				CLANG_CXX_LANGUAGE_STANDARD = "gnu++0x";
				CLANG_CXX_LIBRARY = "libc++";
				CLANG_ENABLE_MODULES = YES;
				CLANG_ENABLE_OBJC_ARC = YES;
				CLANG_WARN_BOOL_CONVERSION = YES;
				CLANG_WARN_CONSTANT_CONVERSION = YES;
				CLANG_WARN_DIRECT_OBJC_ISA_USAGE = YES_ERROR;
				CLANG_WARN_DOCUMENTATION_COMMENTS = YES;
				CLANG_WARN_EMPTY_BODY = YES;
				CLANG_WARN_ENUM_CONVERSION = YES;
				CLANG_WARN_INFINITE_RECURSION = YES;
				CLANG_WARN_INT_CONVERSION = YES;
				CLANG_WARN_OBJC_ROOT_CLASS = YES_ERROR;
				CLANG_WARN_SUSPICIOUS_MOVE = YES;
				CLANG_WARN_UNREACHABLE_CODE = YES;
				CLANG_WARN__DUPLICATE_METHOD_MATCH = YES;
				"CODE_SIGN_IDENTITY[sdk=iphoneos*]" = "iPhone Developer";
				COPY_PHASE_STRIP = NO;
				DEBUG_INFORMATION_FORMAT = "dwarf-with-dsym";
				ENABLE_NS_ASSERTIONS = NO;
				ENABLE_STRICT_OBJC_MSGSEND = YES;
				GCC_C_LANGUAGE_STANDARD = gnu99;
				GCC_NO_COMMON_BLOCKS = YES;
				GCC_WARN_64_TO_32_BIT_CONVERSION = YES;
				GCC_WARN_ABOUT_RETURN_TYPE = YES_ERROR;
				GCC_WARN_UNDECLARED_SELECTOR = YES;
				GCC_WARN_UNINITIALIZED_AUTOS = YES_AGGRESSIVE;
				GCC_WARN_UNUSED_FUNCTION = YES;
				GCC_WARN_UNUSED_VARIABLE = YES;
				IPHONEOS_DEPLOYMENT_TARGET = 10.3;
				MTL_ENABLE_DEBUG_INFO = NO;
				SDKROOT = iphoneos;
				SWIFT_OPTIMIZATION_LEVEL = "-Owholemodule";
				VALIDATE_PRODUCT = YES;
			};
			name = Release;
		};
		7CC98AAA1EE8C134003163EA /* Debug */ = {
			isa = XCBuildConfiguration;
			baseConfigurationReference = 7A53F721A2FB8D2A0EBCDC31 /* Pods-Drums808.debug.xcconfig */;
			buildSettings = {
				ASSETCATALOG_COMPILER_APPICON_NAME = AppIcon;
				DEVELOPMENT_TEAM = "";
				FRAMEWORK_SEARCH_PATHS = (
					"$(inherited)",
					"$(PROJECT_DIR)",
				);
				INFOPLIST_FILE = Drums808/Info.plist;
				IPHONEOS_DEPLOYMENT_TARGET = 9.3;
				LD_RUNPATH_SEARCH_PATHS = "$(inherited) @executable_path/Frameworks";
				PRODUCT_BUNDLE_IDENTIFIER = bones.jonathan.Drums808;
				PRODUCT_NAME = "$(TARGET_NAME)";
				SWIFT_SWIFT3_OBJC_INFERENCE = Default;
				SWIFT_VERSION = 5.0;
			};
			name = Debug;
		};
		7CC98AAB1EE8C134003163EA /* Release */ = {
			isa = XCBuildConfiguration;
			baseConfigurationReference = 4D920F9D198B6C36FF271B79 /* Pods-Drums808.release.xcconfig */;
			buildSettings = {
				ASSETCATALOG_COMPILER_APPICON_NAME = AppIcon;
				DEVELOPMENT_TEAM = "";
				FRAMEWORK_SEARCH_PATHS = (
					"$(inherited)",
					"$(PROJECT_DIR)",
				);
				INFOPLIST_FILE = Drums808/Info.plist;
				IPHONEOS_DEPLOYMENT_TARGET = 9.3;
				LD_RUNPATH_SEARCH_PATHS = "$(inherited) @executable_path/Frameworks";
				PRODUCT_BUNDLE_IDENTIFIER = bones.jonathan.Drums808;
				PRODUCT_NAME = "$(TARGET_NAME)";
				SWIFT_SWIFT3_OBJC_INFERENCE = Default;
				SWIFT_VERSION = 5.0;
			};
			name = Release;
		};
/* End XCBuildConfiguration section */

/* Begin XCConfigurationList section */
		7CC98A921EE8C134003163EA /* Build configuration list for PBXProject "Drums808" */ = {
			isa = XCConfigurationList;
			buildConfigurations = (
				7CC98AA71EE8C134003163EA /* Debug */,
				7CC98AA81EE8C134003163EA /* Release */,
			);
			defaultConfigurationIsVisible = 0;
			defaultConfigurationName = Release;
		};
		7CC98AA91EE8C134003163EA /* Build configuration list for PBXNativeTarget "Drums808" */ = {
			isa = XCConfigurationList;
			buildConfigurations = (
				7CC98AAA1EE8C134003163EA /* Debug */,
				7CC98AAB1EE8C134003163EA /* Release */,
			);
			defaultConfigurationIsVisible = 0;
			defaultConfigurationName = Release;
		};
/* End XCConfigurationList section */
	};
	rootObject = 7CC98A8F1EE8C134003163EA /* Project object */;
}
